// !$*UTF8*$!
{
	archiveVersion = 1;
	classes = {
	};
	objectVersion = 46;
	objects = {

/* Begin PBXBuildFile section */
		3B10F7FE6DCFEFECBA52A496 /* libPods-DynamicCellDemo.a in Frameworks */ = {isa = PBXBuildFile; fileRef = 2F1359B61744F87ACADB532D /* libPods-DynamicCellDemo.a */; };
		8027B2AD1C88116000632167 /* main.m in Sources */ = {isa = PBXBuildFile; fileRef = 8027B2AC1C88116000632167 /* main.m */; };
		8027B2B01C88116000632167 /* AppDelegate.m in Sources */ = {isa = PBXBuildFile; fileRef = 8027B2AF1C88116000632167 /* AppDelegate.m */; };
		8027B2B61C88116000632167 /* Main.storyboard in Resources */ = {isa = PBXBuildFile; fileRef = 8027B2B41C88116000632167 /* Main.storyboard */; };
		8027B2B81C88116000632167 /* Assets.xcassets in Resources */ = {isa = PBXBuildFile; fileRef = 8027B2B71C88116000632167 /* Assets.xcassets */; };
		8027B2BB1C88116000632167 /* LaunchScreen.storyboard in Resources */ = {isa = PBXBuildFile; fileRef = 8027B2B91C88116000632167 /* LaunchScreen.storyboard */; };
		8032B9951C88144900AC903D /* CollectionViewController.m in Sources */ = {isa = PBXBuildFile; fileRef = 8032B9941C88144900AC903D /* CollectionViewController.m */; };
		8032B9981C88151400AC903D /* CollectionViewCell.m in Sources */ = {isa = PBXBuildFile; fileRef = 8032B9971C88151400AC903D /* CollectionViewCell.m */; };
		8032B99A1C8815EE00AC903D /* Component1.xib in Resources */ = {isa = PBXBuildFile; fileRef = 8032B9991C8815EE00AC903D /* Component1.xib */; };
		8032B99D1C88166000AC903D /* Component1.m in Sources */ = {isa = PBXBuildFile; fileRef = 8032B99C1C88166000AC903D /* Component1.m */; };
		8032B9AB1C883E7700AC903D /* ExpandableView.m in Sources */ = {isa = PBXBuildFile; fileRef = 8032B9AA1C883E7700AC903D /* ExpandableView.m */; };
		8032B9AE1C8844EB00AC903D /* Component2.m in Sources */ = {isa = PBXBuildFile; fileRef = 8032B9AD1C8844EB00AC903D /* Component2.m */; };
		8032B9B01C8844F800AC903D /* Component2.xib in Resources */ = {isa = PBXBuildFile; fileRef = 8032B9AF1C8844F800AC903D /* Component2.xib */; };
		8032B9B21C88456E00AC903D /* Images.xcassets in Resources */ = {isa = PBXBuildFile; fileRef = 8032B9B11C88456E00AC903D /* Images.xcassets */; };
/* End PBXBuildFile section */

/* Begin PBXFileReference section */
		2F1359B61744F87ACADB532D /* libPods-DynamicCellDemo.a */ = {isa = PBXFileReference; explicitFileType = archive.ar; includeInIndex = 0; path = "libPods-DynamicCellDemo.a"; sourceTree = BUILT_PRODUCTS_DIR; };
		8027B2A81C88116000632167 /* DynamicCellDemo.app */ = {isa = PBXFileReference; explicitFileType = wrapper.application; includeInIndex = 0; path = DynamicCellDemo.app; sourceTree = BUILT_PRODUCTS_DIR; };
		8027B2AC1C88116000632167 /* main.m */ = {isa = PBXFileReference; lastKnownFileType = sourcecode.c.objc; path = main.m; sourceTree = "<group>"; };
		8027B2AE1C88116000632167 /* AppDelegate.h */ = {isa = PBXFileReference; lastKnownFileType = sourcecode.c.h; path = AppDelegate.h; sourceTree = "<group>"; };
		8027B2AF1C88116000632167 /* AppDelegate.m */ = {isa = PBXFileReference; lastKnownFileType = sourcecode.c.objc; path = AppDelegate.m; sourceTree = "<group>"; };
		8027B2B51C88116000632167 /* Base */ = {isa = PBXFileReference; lastKnownFileType = file.storyboard; name = Base; path = Base.lproj/Main.storyboard; sourceTree = "<group>"; };
		8027B2B71C88116000632167 /* Assets.xcassets */ = {isa = PBXFileReference; lastKnownFileType = folder.assetcatalog; path = Assets.xcassets; sourceTree = "<group>"; };
		8027B2BA1C88116000632167 /* Base */ = {isa = PBXFileReference; lastKnownFileType = file.storyboard; name = Base; path = Base.lproj/LaunchScreen.storyboard; sourceTree = "<group>"; };
		8027B2BC1C88116000632167 /* Info.plist */ = {isa = PBXFileReference; lastKnownFileType = text.plist.xml; path = Info.plist; sourceTree = "<group>"; };
		8032B9931C88144900AC903D /* CollectionViewController.h */ = {isa = PBXFileReference; fileEncoding = 4; lastKnownFileType = sourcecode.c.h; path = CollectionViewController.h; sourceTree = "<group>"; };
		8032B9941C88144900AC903D /* CollectionViewController.m */ = {isa = PBXFileReference; fileEncoding = 4; lastKnownFileType = sourcecode.c.objc; path = CollectionViewController.m; sourceTree = "<group>"; };
		8032B9961C88151400AC903D /* CollectionViewCell.h */ = {isa = PBXFileReference; fileEncoding = 4; lastKnownFileType = sourcecode.c.h; path = CollectionViewCell.h; sourceTree = "<group>"; };
		8032B9971C88151400AC903D /* CollectionViewCell.m */ = {isa = PBXFileReference; fileEncoding = 4; lastKnownFileType = sourcecode.c.objc; path = CollectionViewCell.m; sourceTree = "<group>"; };
		8032B9991C8815EE00AC903D /* Component1.xib */ = {isa = PBXFileReference; fileEncoding = 4; lastKnownFileType = file.xib; path = Component1.xib; sourceTree = "<group>"; };
		8032B99B1C88166000AC903D /* Component1.h */ = {isa = PBXFileReference; fileEncoding = 4; lastKnownFileType = sourcecode.c.h; path = Component1.h; sourceTree = "<group>"; };
		8032B99C1C88166000AC903D /* Component1.m */ = {isa = PBXFileReference; fileEncoding = 4; lastKnownFileType = sourcecode.c.objc; path = Component1.m; sourceTree = "<group>"; };
		8032B99E1C8823A000AC903D /* ExpandableViewTraits.h */ = {isa = PBXFileReference; fileEncoding = 4; lastKnownFileType = sourcecode.c.h; path = ExpandableViewTraits.h; sourceTree = "<group>"; };
		8032B9A91C883E7700AC903D /* ExpandableView.h */ = {isa = PBXFileReference; fileEncoding = 4; lastKnownFileType = sourcecode.c.h; path = ExpandableView.h; sourceTree = "<group>"; };
		8032B9AA1C883E7700AC903D /* ExpandableView.m */ = {isa = PBXFileReference; fileEncoding = 4; lastKnownFileType = sourcecode.c.objc; path = ExpandableView.m; sourceTree = "<group>"; };
		8032B9AC1C8844EB00AC903D /* Component2.h */ = {isa = PBXFileReference; fileEncoding = 4; lastKnownFileType = sourcecode.c.h; path = Component2.h; sourceTree = "<group>"; };
		8032B9AD1C8844EB00AC903D /* Component2.m */ = {isa = PBXFileReference; fileEncoding = 4; lastKnownFileType = sourcecode.c.objc; path = Component2.m; sourceTree = "<group>"; };
		8032B9AF1C8844F800AC903D /* Component2.xib */ = {isa = PBXFileReference; fileEncoding = 4; lastKnownFileType = file.xib; path = Component2.xib; sourceTree = "<group>"; };
		8032B9B11C88456E00AC903D /* Images.xcassets */ = {isa = PBXFileReference; lastKnownFileType = folder.assetcatalog; path = Images.xcassets; sourceTree = "<group>"; };
		CF987872FBD54C4C27277EC6 /* Pods-DynamicCellDemo.release.xcconfig */ = {isa = PBXFileReference; includeInIndex = 1; lastKnownFileType = text.xcconfig; name = "Pods-DynamicCellDemo.release.xcconfig"; path = "Pods/Target Support Files/Pods-DynamicCellDemo/Pods-DynamicCellDemo.release.xcconfig"; sourceTree = "<group>"; };
		E9203348121DF5B1EBEB1C0C /* Pods-DynamicCellDemo.debug.xcconfig */ = {isa = PBXFileReference; includeInIndex = 1; lastKnownFileType = text.xcconfig; name = "Pods-DynamicCellDemo.debug.xcconfig"; path = "Pods/Target Support Files/Pods-DynamicCellDemo/Pods-DynamicCellDemo.debug.xcconfig"; sourceTree = "<group>"; };
/* End PBXFileReference section */

/* Begin PBXFrameworksBuildPhase section */
		8027B2A51C88116000632167 /* Frameworks */ = {
			isa = PBXFrameworksBuildPhase;
			buildActionMask = 2147483647;
			files = (
				3B10F7FE6DCFEFECBA52A496 /* libPods-DynamicCellDemo.a in Frameworks */,
			);
			runOnlyForDeploymentPostprocessing = 0;
		};
/* End PBXFrameworksBuildPhase section */

/* Begin PBXGroup section */
		04106F65F796F12D910DFAF5 /* Pods */ = {
			isa = PBXGroup;
			children = (
				E9203348121DF5B1EBEB1C0C /* Pods-DynamicCellDemo.debug.xcconfig */,
				CF987872FBD54C4C27277EC6 /* Pods-DynamicCellDemo.release.xcconfig */,
			);
			name = Pods;
			sourceTree = "<group>";
		};
		8027B29F1C88116000632167 = {
			isa = PBXGroup;
			children = (
				8027B2AA1C88116000632167 /* DynamicCellDemo */,
				8027B2A91C88116000632167 /* Products */,
				04106F65F796F12D910DFAF5 /* Pods */,
				F73C140A1F20CA9CA9FDDC32 /* Frameworks */,
			);
			sourceTree = "<group>";
		};
		8027B2A91C88116000632167 /* Products */ = {
			isa = PBXGroup;
			children = (
				8027B2A81C88116000632167 /* DynamicCellDemo.app */,
			);
			name = Products;
			sourceTree = "<group>";
		};
		8027B2AA1C88116000632167 /* DynamicCellDemo */ = {
			isa = PBXGroup;
			children = (
				8032B9B31C8847E100AC903D /* Components */,
				8027B2AE1C88116000632167 /* AppDelegate.h */,
				8027B2AF1C88116000632167 /* AppDelegate.m */,
				8032B9931C88144900AC903D /* CollectionViewController.h */,
				8032B9941C88144900AC903D /* CollectionViewController.m */,
				8032B9961C88151400AC903D /* CollectionViewCell.h */,
				8032B9971C88151400AC903D /* CollectionViewCell.m */,
				8032B99E1C8823A000AC903D /* ExpandableViewTraits.h */,
				8032B9A91C883E7700AC903D /* ExpandableView.h */,
				8032B9AA1C883E7700AC903D /* ExpandableView.m */,
				8027B2B41C88116000632167 /* Main.storyboard */,
				8027B2B71C88116000632167 /* Assets.xcassets */,
				8027B2B91C88116000632167 /* LaunchScreen.storyboard */,
				8027B2BC1C88116000632167 /* Info.plist */,
				8027B2AB1C88116000632167 /* Supporting Files */,
				8032B9B11C88456E00AC903D /* Images.xcassets */,
			);
			path = DynamicCellDemo;
			sourceTree = "<group>";
		};
		8027B2AB1C88116000632167 /* Supporting Files */ = {
			isa = PBXGroup;
			children = (
				8027B2AC1C88116000632167 /* main.m */,
			);
			name = "Supporting Files";
			sourceTree = "<group>";
		};
		8032B9B31C8847E100AC903D /* Components */ = {
			isa = PBXGroup;
			children = (
				8032B99B1C88166000AC903D /* Component1.h */,
				8032B99C1C88166000AC903D /* Component1.m */,
				8032B9AC1C8844EB00AC903D /* Component2.h */,
				8032B9AD1C8844EB00AC903D /* Component2.m */,
				8032B9991C8815EE00AC903D /* Component1.xib */,
				8032B9AF1C8844F800AC903D /* Component2.xib */,
			);
			name = Components;
			sourceTree = "<group>";
		};
		F73C140A1F20CA9CA9FDDC32 /* Frameworks */ = {
			isa = PBXGroup;
			children = (
				2F1359B61744F87ACADB532D /* libPods-DynamicCellDemo.a */,
			);
			name = Frameworks;
			sourceTree = "<group>";
		};
/* End PBXGroup section */

/* Begin PBXNativeTarget section */
		8027B2A71C88116000632167 /* DynamicCellDemo */ = {
			isa = PBXNativeTarget;
			buildConfigurationList = 8027B2BF1C88116000632167 /* Build configuration list for PBXNativeTarget "DynamicCellDemo" */;
			buildPhases = (
				6584948663045B5BEA1BAE95 /* Check Pods Manifest.lock */,
				8027B2A41C88116000632167 /* Sources */,
				8027B2A51C88116000632167 /* Frameworks */,
				8027B2A61C88116000632167 /* Resources */,
				6537CF7BC01482AB35D1F87C /* Embed Pods Frameworks */,
				A43FD065882C707620AC4D5D /* Copy Pods Resources */,
			);
			buildRules = (
			);
			dependencies = (
			);
			name = DynamicCellDemo;
			productName = DynamicCellDemo;
			productReference = 8027B2A81C88116000632167 /* DynamicCellDemo.app */;
			productType = "com.apple.product-type.application";
		};
/* End PBXNativeTarget section */

/* Begin PBXProject section */
		8027B2A01C88116000632167 /* Project object */ = {
			isa = PBXProject;
			attributes = {
				LastUpgradeCheck = 0720;
				ORGANIZATIONNAME = "Sanjit Saluja";
				TargetAttributes = {
					8027B2A71C88116000632167 = {
						CreatedOnToolsVersion = 7.2;
					};
				};
			};
			buildConfigurationList = 8027B2A31C88116000632167 /* Build configuration list for PBXProject "DynamicCellDemo" */;
			compatibilityVersion = "Xcode 3.2";
			developmentRegion = English;
			hasScannedForEncodings = 0;
			knownRegions = (
				en,
				Base,
			);
			mainGroup = 8027B29F1C88116000632167;
			productRefGroup = 8027B2A91C88116000632167 /* Products */;
			projectDirPath = "";
			projectRoot = "";
			targets = (
				8027B2A71C88116000632167 /* DynamicCellDemo */,
			);
		};
/* End PBXProject section */

/* Begin PBXResourcesBuildPhase section */
		8027B2A61C88116000632167 /* Resources */ = {
			isa = PBXResourcesBuildPhase;
			buildActionMask = 2147483647;
			files = (
				8027B2BB1C88116000632167 /* LaunchScreen.storyboard in Resources */,
				8027B2B81C88116000632167 /* Assets.xcassets in Resources */,
				8027B2B61C88116000632167 /* Main.storyboard in Resources */,
				8032B9B21C88456E00AC903D /* Images.xcassets in Resources */,
				8032B9B01C8844F800AC903D /* Component2.xib in Resources */,
				8032B99A1C8815EE00AC903D /* Component1.xib in Resources */,
			);
			runOnlyForDeploymentPostprocessing = 0;
		};
/* End PBXResourcesBuildPhase section */

/* Begin PBXShellScriptBuildPhase section */
		6537CF7BC01482AB35D1F87C /* Embed Pods Frameworks */ = {
			isa = PBXShellScriptBuildPhase;
			buildActionMask = 2147483647;
			files = (
			);
			inputPaths = (
			);
			name = "Embed Pods Frameworks";
			outputPaths = (
			);
			runOnlyForDeploymentPostprocessing = 0;
			shellPath = /bin/sh;
			shellScript = "\"${SRCROOT}/Pods/Target Support Files/Pods-DynamicCellDemo/Pods-DynamicCellDemo-frameworks.sh\"\n";
			showEnvVarsInLog = 0;
		};
		6584948663045B5BEA1BAE95 /* Check Pods Manifest.lock */ = {
			isa = PBXShellScriptBuildPhase;
			buildActionMask = 2147483647;
			files = (
			);
			inputPaths = (
			);
			name = "Check Pods Manifest.lock";
			outputPaths = (
			);
			runOnlyForDeploymentPostprocessing = 0;
			shellPath = /bin/sh;
			shellScript = "diff \"${PODS_ROOT}/../Podfile.lock\" \"${PODS_ROOT}/Manifest.lock\" > /dev/null\nif [[ $? != 0 ]] ; then\n    cat << EOM\nerror: The sandbox is not in sync with the Podfile.lock. Run 'pod install' or update your CocoaPods installation.\nEOM\n    exit 1\nfi\n";
			showEnvVarsInLog = 0;
		};
		A43FD065882C707620AC4D5D /* Copy Pods Resources */ = {
			isa = PBXShellScriptBuildPhase;
			buildActionMask = 2147483647;
			files = (
			);
			inputPaths = (
			);
			name = "Copy Pods Resources";
			outputPaths = (
			);
			runOnlyForDeploymentPostprocessing = 0;
			shellPath = /bin/sh;
			shellScript = "\"${SRCROOT}/Pods/Target Support Files/Pods-DynamicCellDemo/Pods-DynamicCellDemo-resources.sh\"\n";
			showEnvVarsInLog = 0;
		};
/* End PBXShellScriptBuildPhase section */

/* Begin PBXSourcesBuildPhase section */
		8027B2A41C88116000632167 /* Sources */ = {
			isa = PBXSourcesBuildPhase;
			buildActionMask = 2147483647;
			files = (
				8027B2B01C88116000632167 /* AppDelegate.m in Sources */,
				8032B9AE1C8844EB00AC903D /* Component2.m in Sources */,
				8032B99D1C88166000AC903D /* Component1.m in Sources */,
				8032B9AB1C883E7700AC903D /* ExpandableView.m in Sources */,
				8027B2AD1C88116000632167 /* main.m in Sources */,
				8032B9981C88151400AC903D /* CollectionViewCell.m in Sources */,
				8032B9951C88144900AC903D /* CollectionViewController.m in Sources */,
			);
			runOnlyForDeploymentPostprocessing = 0;
		};
/* End PBXSourcesBuildPhase section */

/* Begin PBXVariantGroup section */
		8027B2B41C88116000632167 /* Main.storyboard */ = {
			isa = PBXVariantGroup;
			children = (
				8027B2B51C88116000632167 /* Base */,
			);
			name = Main.storyboard;
			sourceTree = "<group>";
		};
		8027B2B91C88116000632167 /* LaunchScreen.storyboard */ = {
			isa = PBXVariantGroup;
			children = (
				8027B2BA1C88116000632167 /* Base */,
			);
			name = LaunchScreen.storyboard;
			sourceTree = "<group>";
		};
/* End PBXVariantGroup section */

/* Begin XCBuildConfiguration section */
		8027B2BD1C88116000632167 /* Debug */ = {
			isa = XCBuildConfiguration;
			buildSettings = {
				ALWAYS_SEARCH_USER_PATHS = NO;
				CLANG_CXX_LANGUAGE_STANDARD = "gnu++0x";
				CLANG_CXX_LIBRARY = "libc++";
				CLANG_ENABLE_MODULES = YES;
				CLANG_ENABLE_OBJC_ARC = YES;
				CLANG_WARN_BOOL_CONVERSION = YES;
				CLANG_WARN_CONSTANT_CONVERSION = YES;
				CLANG_WARN_DIRECT_OBJC_ISA_USAGE = YES_ERROR;
				CLANG_WARN_EMPTY_BODY = YES;
				CLANG_WARN_ENUM_CONVERSION = YES;
				CLANG_WARN_INT_CONVERSION = YES;
				CLANG_WARN_OBJC_ROOT_CLASS = YES_ERROR;
				CLANG_WARN_UNREACHABLE_CODE = YES;
				CLANG_WARN__DUPLICATE_METHOD_MATCH = YES;
				"CODE_SIGN_IDENTITY[sdk=iphoneos*]" = "iPhone Developer";
				COPY_PHASE_STRIP = NO;
				DEBUG_INFORMATION_FORMAT = dwarf;
				ENABLE_STRICT_OBJC_MSGSEND = YES;
				ENABLE_TESTABILITY = YES;
				GCC_C_LANGUAGE_STANDARD = gnu99;
				GCC_DYNAMIC_NO_PIC = NO;
				GCC_NO_COMMON_BLOCKS = YES;
				GCC_OPTIMIZATION_LEVEL = 0;
				GCC_PREPROCESSOR_DEFINITIONS = (
					"DEBUG=1",
					"$(inherited)",
				);
				GCC_WARN_64_TO_32_BIT_CONVERSION = YES;
				GCC_WARN_ABOUT_RETURN_TYPE = YES_ERROR;
				GCC_WARN_UNDECLARED_SELECTOR = YES;
				GCC_WARN_UNINITIALIZED_AUTOS = YES_AGGRESSIVE;
				GCC_WARN_UNUSED_FUNCTION = YES;
				GCC_WARN_UNUSED_VARIABLE = YES;
				IPHONEOS_DEPLOYMENT_TARGET = 9.2;
				MTL_ENABLE_DEBUG_INFO = YES;
				ONLY_ACTIVE_ARCH = YES;
				SDKROOT = iphoneos;
				TARGETED_DEVICE_FAMILY = "1,2";
			};
			name = Debug;
		};
		8027B2BE1C88116000632167 /* Release */ = {
			isa = XCBuildConfiguration;
			buildSettings = {
				ALWAYS_SEARCH_USER_PATHS = NO;
				CLANG_CXX_LANGUAGE_STANDARD = "gnu++0x";
				CLANG_CXX_LIBRARY = "libc++";
				CLANG_ENABLE_MODULES = YES;
				CLANG_ENABLE_OBJC_ARC = YES;
				CLANG_WARN_BOOL_CONVERSION = YES;
				CLANG_WARN_CONSTANT_CONVERSION = YES;
				CLANG_WARN_DIRECT_OBJC_ISA_USAGE = YES_ERROR;
				CLANG_WARN_EMPTY_BODY = YES;
				CLANG_WARN_ENUM_CONVERSION = YES;
				CLANG_WARN_INT_CONVERSION = YES;
				CLANG_WARN_OBJC_ROOT_CLASS = YES_ERROR;
				CLANG_WARN_UNREACHABLE_CODE = YES;
				CLANG_WARN__DUPLICATE_METHOD_MATCH = YES;
				"CODE_SIGN_IDENTITY[sdk=iphoneos*]" = "iPhone Developer";
				COPY_PHASE_STRIP = NO;
				DEBUG_INFORMATION_FORMAT = "dwarf-with-dsym";
				ENABLE_NS_ASSERTIONS = NO;
				ENABLE_STRICT_OBJC_MSGSEND = YES;
				GCC_C_LANGUAGE_STANDARD = gnu99;
				GCC_NO_COMMON_BLOCKS = YES;
				GCC_WARN_64_TO_32_BIT_CONVERSION = YES;
				GCC_WARN_ABOUT_RETURN_TYPE = YES_ERROR;
				GCC_WARN_UNDECLARED_SELECTOR = YES;
				GCC_WARN_UNINITIALIZED_AUTOS = YES_AGGRESSIVE;
				GCC_WARN_UNUSED_FUNCTION = YES;
				GCC_WARN_UNUSED_VARIABLE = YES;
				IPHONEOS_DEPLOYMENT_TARGET = 9.2;
				MTL_ENABLE_DEBUG_INFO = NO;
				SDKROOT = iphoneos;
				TARGETED_DEVICE_FAMILY = "1,2";
				VALIDATE_PRODUCT = YES;
			};
			name = Release;
		};
		8027B2C01C88116000632167 /* Debug */ = {
			isa = XCBuildConfiguration;
			baseConfigurationReference = E9203348121DF5B1EBEB1C0C /* Pods-DynamicCellDemo.debug.xcconfig */;
			buildSettings = {
				ASSETCATALOG_COMPILER_APPICON_NAME = AppIcon;
				INFOPLIST_FILE = DynamicCellDemo/Info.plist;
				LD_RUNPATH_SEARCH_PATHS = "$(inherited) @executable_path/Frameworks";
				PRODUCT_BUNDLE_IDENTIFIER = com.sanjitsaluja.DynamicCellDemo;
				PRODUCT_NAME = "$(TARGET_NAME)";
			};
			name = Debug;
		};
		8027B2C11C88116000632167 /* Release */ = {
			isa = XCBuildConfiguration;
			baseConfigurationReference = CF987872FBD54C4C27277EC6 /* Pods-DynamicCellDemo.release.xcconfig */;
			buildSettings = {
				ASSETCATALOG_COMPILER_APPICON_NAME = AppIcon;
				INFOPLIST_FILE = DynamicCellDemo/Info.plist;
				LD_RUNPATH_SEARCH_PATHS = "$(inherited) @executable_path/Frameworks";
				PRODUCT_BUNDLE_IDENTIFIER = com.sanjitsaluja.DynamicCellDemo;
				PRODUCT_NAME = "$(TARGET_NAME)";
			};
			name = Release;
		};
/* End XCBuildConfiguration section */

/* Begin XCConfigurationList section */
		8027B2A31C88116000632167 /* Build configuration list for PBXProject "DynamicCellDemo" */ = {
			isa = XCConfigurationList;
			buildConfigurations = (
				8027B2BD1C88116000632167 /* Debug */,
				8027B2BE1C88116000632167 /* Release */,
			);
			defaultConfigurationIsVisible = 0;
			defaultConfigurationName = Release;
		};
		8027B2BF1C88116000632167 /* Build configuration list for PBXNativeTarget "DynamicCellDemo" */ = {
			isa = XCConfigurationList;
			buildConfigurations = (
				8027B2C01C88116000632167 /* Debug */,
				8027B2C11C88116000632167 /* Release */,
			);
			defaultConfigurationIsVisible = 0;
			defaultConfigurationName = Release;
		};
/* End XCConfigurationList section */
	};
	rootObject = 8027B2A01C88116000632167 /* Project object */;
}
